
Microsoft Visual Studio Solution File, Format Version 12.00
# Visual Studio 15
VisualStudioVersion = 15.0.28010.2016
MinimumVisualStudioVersion = 10.0.40219.1
Project("{FAE04EC0-301F-11D3-BF4B-00C04F79EFBC}") = "ClassAct2", "ClassAct2\ClassAct2.csproj", "{CCCAAC91-42A7-4C4E-BD88-7732637F69A1}"
EndProject
Global
	GlobalSection(SolutionConfigurationPlatforms) = preSolution
		Debug|Any CPU = Debug|Any CPU
		Release|Any CPU = Release|Any CPU
	EndGlobalSection
	GlobalSection(ProjectConfigurationPlatforms) = postSolution
		{CCCAAC91-42A7-4C4E-BD88-7732637F69A1}.Debug|Any CPU.ActiveCfg = Debug|Any CPU
		{CCCAAC91-42A7-4C4E-BD88-7732637F69A1}.Debug|Any CPU.Build.0 = Debug|Any CPU
		{CCCAAC91-42A7-4C4E-BD88-7732637F69A1}.Release|Any CPU.ActiveCfg = Release|Any CPU
		{CCCAAC91-42A7-4C4E-BD88-7732637F69A1}.Release|Any CPU.Build.0 = Release|Any CPU
	EndGlobalSection
	GlobalSection(SolutionProperties) = preSolution
		HideSolutionNode = FALSE
	EndGlobalSection
	GlobalSection(ExtensibilityGlobals) = postSolution
		SolutionGuid = {26F92C56-82D1-4A3A-A816-7166D34FC1C4}
	EndGlobalSection
EndGlobal
